{
	"name": "scalastyle-server",
	"version": "0.0.1",
	"lockfileVersion": 1,
	"requires": true,
	"dependencies": {
		"@types/node": {
			"version": "9.6.0",
			"resolved": "https://registry.npmjs.org/@types/node/-/node-9.6.0.tgz",
			"integrity": "sha512-h3YZbOq2+ZoDFI1z8Zx0Ck/xRWkOESVaLdgLdd/c25mMQ1Y2CAkILu9ny5A15S5f32gGcQdaUIZ2jzYr8D7IFg=="
		},
		"@types/temp-write": {
			"version": "3.3.0",
			"resolved": "https://registry.npmjs.org/@types/temp-write/-/temp-write-3.3.0.tgz",
			"integrity": "sha512-RW+6TTQi6GVmOmpMoizl0Nfg8yhtPPGJQs8QtzW7eBH5XyoEM30GrUq4weYpEzITH2UrbGTd2Sn/5LRGlGPHrg==",
			"requires": {
				"@types/node": "9.6.0"
			}
		},
		"graceful-fs": {
			"version": "4.1.11",
			"resolved": "https://registry.npmjs.org/graceful-fs/-/graceful-fs-4.1.11.tgz",
			"integrity": "sha1-Dovf5NHduIVNZOBOp8AOKgJuVlg="
		},
		"is-stream": {
			"version": "1.1.0",
			"resolved": "https://registry.npmjs.org/is-stream/-/is-stream-1.1.0.tgz",
			"integrity": "sha1-EtSj3U5o4Lec6428hBc66A2RykQ="
		},
		"make-dir": {
			"version": "1.2.0",
			"resolved": "https://registry.npmjs.org/make-dir/-/make-dir-1.2.0.tgz",
			"integrity": "sha512-aNUAa4UMg/UougV25bbrU4ZaaKNjJ/3/xnvg/twpmKROPdKZPZ9wGgI0opdZzO8q/zUFawoUuixuOv33eZ61Iw==",
			"requires": {
				"pify": "3.0.0"
			}
		},
		"pify": {
			"version": "3.0.0",
			"resolved": "https://registry.npmjs.org/pify/-/pify-3.0.0.tgz",
			"integrity": "sha1-5aSs0sEB/fPZpNB/DbxNtJ3SgXY="
		},
		"temp-dir": {
			"version": "1.0.0",
			"resolved": "https://registry.npmjs.org/temp-dir/-/temp-dir-1.0.0.tgz",
			"integrity": "sha1-CnwOom06Oa+n4OvqnB/AvE2qAR0="
		},
		"temp-write": {
			"version": "3.4.0",
			"resolved": "https://registry.npmjs.org/temp-write/-/temp-write-3.4.0.tgz",
			"integrity": "sha1-jP9jD7fp2gXwR8dM5M5NaFRX1JI=",
			"requires": {
				"graceful-fs": "4.1.11",
				"is-stream": "1.1.0",
				"make-dir": "1.2.0",
				"pify": "3.0.0",
				"temp-dir": "1.0.0",
				"uuid": "3.2.1"
			}
		},
		"uuid": {
			"version": "3.2.1",
			"resolved": "https://registry.npmjs.org/uuid/-/uuid-3.2.1.tgz",
			"integrity": "sha512-jZnMwlb9Iku/O3smGWvZhauCf6cvvpKi4BKRiliS3cxnI+Gz9j5MEpTz2UFuXiKPJocb7gnsLHwiS05ige5BEA=="
		},
		"vscode-languageserver": {
			"version": "3.5.0",
			"resolved": "https://registry.npmjs.org/vscode-languageserver/-/vscode-languageserver-3.5.0.tgz",
			"integrity": "sha1-0oCZvG3dqMHdFrcH5FThsd2uDbo=",
			"requires": {
				"vscode-languageserver-protocol": "3.5.0",
				"vscode-uri": "1.0.1"
			},
			"dependencies": {
				"vscode-jsonrpc": {
					"version": "3.5.0",
					"resolved": "https://registry.npmjs.org/vscode-jsonrpc/-/vscode-jsonrpc-3.5.0.tgz",
					"integrity": "sha1-hyOdnhZrLXNSJFuKgTWXgEwdY6o="
				},
				"vscode-languageserver-protocol": {
					"version": "3.5.0",
					"resolved": "https://registry.npmjs.org/vscode-languageserver-protocol/-/vscode-languageserver-protocol-3.5.0.tgz",
					"integrity": "sha1-Bnxcvidwl5U5jRGWksl+u6FFIgk=",
					"requires": {
						"vscode-jsonrpc": "3.5.0",
						"vscode-languageserver-types": "3.5.0"
					}
				},
				"vscode-languageserver-types": {
					"version": "3.5.0",
					"resolved": "https://registry.npmjs.org/vscode-languageserver-types/-/vscode-languageserver-types-3.5.0.tgz",
					"integrity": "sha1-5I15li8LjgLelV4/UkkI4rGcA3Q="
				},
				"vscode-uri": {
					"version": "1.0.1",
					"resolved": "https://registry.npmjs.org/vscode-uri/-/vscode-uri-1.0.1.tgz",
					"integrity": "sha1-Eahr7+rDxKo+wIYjZRo8gabQu8g="
				}
			}
		}
	}
}
